{
  "nodes": {
    "nixpkgs": {
      "locked": {
        "lastModified": 1718530797,
        "narHash": "sha256-pup6cYwtgvzDpvpSCFh1TEUjw2zkNpk8iolbKnyFmmU=",
        "owner": "NixOS",
        "repo": "nixpkgs",
        "rev": "b60ebf54c15553b393d144357375ea956f89e9a9",
        "type": "github"
      },
      "original": {
        "owner": "NixOS",
        "ref": "nixos-unstable",
        "repo": "nixpkgs",
        "type": "github"
      }
    },
    "parts": {
      "inputs": {
        "nixpkgs-lib": [
          "nixpkgs"
        ]
      },
      "locked": {
        "lastModified": 1717285511,
        "narHash": "sha256-iKzJcpdXih14qYVcZ9QC9XuZYnPc6T8YImb6dX166kw=",
        "owner": "hercules-ci",
        "repo": "flake-parts",
        "rev": "2a55567fcf15b1b1c7ed712a2c6fadaec7412ea8",
        "type": "github"
      },
      "original": {
        "owner": "hercules-ci",
        "repo": "flake-parts",
        "type": "github"
      }
    },
    "root": {
      "inputs": {
        "nixpkgs": "nixpkgs",
        "parts": "parts",
        "spicetify-cli": "spicetify-cli",
        "spicetify-marketplace": "spicetify-marketplace",
        "spicetify-themes": "spicetify-themes",
        "spotifywm": "spotifywm",
        "systems": "systems"
      }
    },
    "spicetify-cli": {
      "flake": false,
      "locked": {
        "lastModified": 1718749056,
        "narHash": "sha256-eFhb9PeTOr5rsDrbUJs4zxmjRejyknYgZyVMxASxBKY=",
        "owner": "spicetify",
        "repo": "cli",
        "rev": "da1df2c59456accf58dd7f536354e2bb381f785c",
        "type": "github"
      },
      "original": {
        "owner": "spicetify",
        "repo": "cli",
        "type": "github"
      }
    },
    "spicetify-marketplace": {
      "flake": false,
      "locked": {
        "lastModified": 1718642968,
        "narHash": "sha256-voRbsyOPeVY5lznXRzY/8SB+52po7Dq5IAPs0StmRTA=",
        "owner": "spicetify",
        "repo": "marketplace",
        "rev": "8dff639eb2ba1b79feb71e861f005d5b6b17af64",
        "type": "github"
      },
      "original": {
        "owner": "spicetify",
        "ref": "dist",
        "repo": "marketplace",
        "type": "github"
      }
    },
    "spicetify-themes": {
      "flake": false,
      "locked": {
        "lastModified": 1715934942,
        "narHash": "sha256-8IF2Y7xJtzk92rl4bfjiMXCISzUMaxXxOaMZkLS5mww=",
        "owner": "spicetify",
        "repo": "spicetify-themes",
        "rev": "dfdd89ad84d5c68915c65e4a83580047349c49b4",
        "type": "github"
      },
      "original": {
        "owner": "spicetify",
        "repo": "spicetify-themes",
        "type": "github"
      }
    },
    "spotifywm": {
      "flake": false,
      "locked": {
        "lastModified": 1666732863,
        "narHash": "sha256-AsXqcoqUXUFxTG+G+31lm45gjP6qGohEnUSUtKypew0=",
        "owner": "dasJ",
        "repo": "spotifywm",
        "rev": "8624f539549973c124ed18753881045968881745",
        "type": "github"
      },
      "original": {
        "owner": "dasJ",
        "repo": "spotifywm",
        "type": "github"
      }
    },
    "systems": {
      "locked": {
        "lastModified": 1681028828,
        "narHash": "sha256-Vy1rq5AaRuLzOxct8nz4T6wlgyUR7zLU309k9mBC768=",
        "owner": "nix-systems",
        "repo": "default",
        "rev": "da67096a3b9bf56a91d16901293e51ba5b49a27e",
        "type": "github"
      },
      "original": {
        "owner": "nix-systems",
        "repo": "default",
        "type": "github"
      }
    }
  },
  "root": "root",
  "version": 7
}
